
Microsoft Visual Studio Solution File, Format Version 12.00
# Visual Studio Version 17
VisualStudioVersion = 17.5.002.0
MinimumVisualStudioVersion = 10.0.40219.1
Project("{9A19103F-16F7-4668-BE54-9A1E7A4F7556}") = "aula_2", "Aula_2\aula_2.csproj", "{5F0D2078-1983-4DAB-9F19-2265FF521447}"
EndProject
Project("{9A19103F-16F7-4668-BE54-9A1E7A4F7556}") = "Aula_3", "Aula_3\Aula_3.csproj", "{0EC45ED7-8A28-40DB-A999-3AED26E28ABB}"
EndProject
Project("{9A19103F-16F7-4668-BE54-9A1E7A4F7556}") = "Aula_4", "Aula_4\Aula_4.csproj", "{1DDBD652-15EA-4C6E-BA0E-AB122A6B0F92}"
EndProject
Project("{9A19103F-16F7-4668-BE54-9A1E7A4F7556}") = "Aula_5", "Aula_5\Aula_5.csproj", "{B2DEC9E2-7A3C-409D-9B49-49DD5B51CE3D}"
EndProject
Project("{9A19103F-16F7-4668-BE54-9A1E7A4F7556}") = "Aula_6", "Aula_6\Aula_6.csproj", "{F9B18B4A-38F8-4333-BBA7-7D34777105F8}"
EndProject
Project("{9A19103F-16F7-4668-BE54-9A1E7A4F7556}") = "Aula_7", "Aula_7\Aula_7.csproj", "{800A23C9-79AB-4674-9531-AEA0B4680FD4}"
EndProject
Project("{2150E333-8FDC-42A3-9474-1A3956D46DE8}") = "Aula_1", "Aula_1", "{42EDCA31-9095-45D9-9ED1-BC79B509E8D2}"
EndProject
Project("{9A19103F-16F7-4668-BE54-9A1E7A4F7556}") = "Exemplo_1", "Aula_1\Exemplo_1\Exemplo_1.csproj", "{8C23485E-7B99-42D1-8B44-3656D7F1B6F1}"
EndProject
Global
	GlobalSection(SolutionConfigurationPlatforms) = preSolution
		Debug|Any CPU = Debug|Any CPU
		Release|Any CPU = Release|Any CPU
	EndGlobalSection
	GlobalSection(ProjectConfigurationPlatforms) = postSolution
		{5F0D2078-1983-4DAB-9F19-2265FF521447}.Debug|Any CPU.ActiveCfg = Debug|Any CPU
		{5F0D2078-1983-4DAB-9F19-2265FF521447}.Debug|Any CPU.Build.0 = Debug|Any CPU
		{5F0D2078-1983-4DAB-9F19-2265FF521447}.Release|Any CPU.ActiveCfg = Release|Any CPU
		{5F0D2078-1983-4DAB-9F19-2265FF521447}.Release|Any CPU.Build.0 = Release|Any CPU
		{0EC45ED7-8A28-40DB-A999-3AED26E28ABB}.Debug|Any CPU.ActiveCfg = Debug|Any CPU
		{0EC45ED7-8A28-40DB-A999-3AED26E28ABB}.Debug|Any CPU.Build.0 = Debug|Any CPU
		{0EC45ED7-8A28-40DB-A999-3AED26E28ABB}.Release|Any CPU.ActiveCfg = Release|Any CPU
		{0EC45ED7-8A28-40DB-A999-3AED26E28ABB}.Release|Any CPU.Build.0 = Release|Any CPU
		{1DDBD652-15EA-4C6E-BA0E-AB122A6B0F92}.Debug|Any CPU.ActiveCfg = Debug|Any CPU
		{1DDBD652-15EA-4C6E-BA0E-AB122A6B0F92}.Debug|Any CPU.Build.0 = Debug|Any CPU
		{1DDBD652-15EA-4C6E-BA0E-AB122A6B0F92}.Release|Any CPU.ActiveCfg = Release|Any CPU
		{1DDBD652-15EA-4C6E-BA0E-AB122A6B0F92}.Release|Any CPU.Build.0 = Release|Any CPU
		{B2DEC9E2-7A3C-409D-9B49-49DD5B51CE3D}.Debug|Any CPU.ActiveCfg = Debug|Any CPU
		{B2DEC9E2-7A3C-409D-9B49-49DD5B51CE3D}.Debug|Any CPU.Build.0 = Debug|Any CPU
		{B2DEC9E2-7A3C-409D-9B49-49DD5B51CE3D}.Release|Any CPU.ActiveCfg = Release|Any CPU
		{B2DEC9E2-7A3C-409D-9B49-49DD5B51CE3D}.Release|Any CPU.Build.0 = Release|Any CPU
		{F9B18B4A-38F8-4333-BBA7-7D34777105F8}.Debug|Any CPU.ActiveCfg = Debug|Any CPU
		{F9B18B4A-38F8-4333-BBA7-7D34777105F8}.Debug|Any CPU.Build.0 = Debug|Any CPU
		{F9B18B4A-38F8-4333-BBA7-7D34777105F8}.Release|Any CPU.ActiveCfg = Release|Any CPU
		{F9B18B4A-38F8-4333-BBA7-7D34777105F8}.Release|Any CPU.Build.0 = Release|Any CPU
		{800A23C9-79AB-4674-9531-AEA0B4680FD4}.Debug|Any CPU.ActiveCfg = Debug|Any CPU
		{800A23C9-79AB-4674-9531-AEA0B4680FD4}.Debug|Any CPU.Build.0 = Debug|Any CPU
		{800A23C9-79AB-4674-9531-AEA0B4680FD4}.Release|Any CPU.ActiveCfg = Release|Any CPU
		{800A23C9-79AB-4674-9531-AEA0B4680FD4}.Release|Any CPU.Build.0 = Release|Any CPU
		{8C23485E-7B99-42D1-8B44-3656D7F1B6F1}.Debug|Any CPU.ActiveCfg = Debug|Any CPU
		{8C23485E-7B99-42D1-8B44-3656D7F1B6F1}.Debug|Any CPU.Build.0 = Debug|Any CPU
		{8C23485E-7B99-42D1-8B44-3656D7F1B6F1}.Release|Any CPU.ActiveCfg = Release|Any CPU
		{8C23485E-7B99-42D1-8B44-3656D7F1B6F1}.Release|Any CPU.Build.0 = Release|Any CPU
	EndGlobalSection
	GlobalSection(SolutionProperties) = preSolution
		HideSolutionNode = FALSE
	EndGlobalSection
	GlobalSection(NestedProjects) = preSolution
		{8C23485E-7B99-42D1-8B44-3656D7F1B6F1} = {42EDCA31-9095-45D9-9ED1-BC79B509E8D2}
	EndGlobalSection
	GlobalSection(ExtensibilityGlobals) = postSolution
		SolutionGuid = {813E17BE-127B-4F6C-A2EE-C5887F6CD907}
	EndGlobalSection
EndGlobal
